
Microsoft Visual Studio Solution File, Format Version 12.00
Project("{FAE04EC0-301F-11D3-BF4B-00C04F79EFBC}") = "ChristmasLight", "ChristmasLight\ChristmasLight.csproj", "{D9959539-30BA-4214-9401-42044A36847C}"
EndProject
Project("{FAE04EC0-301F-11D3-BF4B-00C04F79EFBC}") = "ChristmasLight.Test", "ChristmasLight.Test\ChristmasLight.Test.csproj", "{0BAF199F-73BE-46D8-AA45-79544515271D}"
EndProject
Global
	GlobalSection(SolutionConfigurationPlatforms) = preSolution
		Debug|Any CPU = Debug|Any CPU
		Release|Any CPU = Release|Any CPU
	EndGlobalSection
	GlobalSection(ProjectConfigurationPlatforms) = postSolution
		{D9959539-30BA-4214-9401-42044A36847C}.Debug|Any CPU.ActiveCfg = Debug|Any CPU
		{D9959539-30BA-4214-9401-42044A36847C}.Debug|Any CPU.Build.0 = Debug|Any CPU
		{D9959539-30BA-4214-9401-42044A36847C}.Release|Any CPU.ActiveCfg = Release|Any CPU
		{D9959539-30BA-4214-9401-42044A36847C}.Release|Any CPU.Build.0 = Release|Any CPU
		{0BAF199F-73BE-46D8-AA45-79544515271D}.Debug|Any CPU.ActiveCfg = Debug|Any CPU
		{0BAF199F-73BE-46D8-AA45-79544515271D}.Debug|Any CPU.Build.0 = Debug|Any CPU
		{0BAF199F-73BE-46D8-AA45-79544515271D}.Release|Any CPU.ActiveCfg = Release|Any CPU
		{0BAF199F-73BE-46D8-AA45-79544515271D}.Release|Any CPU.Build.0 = Release|Any CPU
	EndGlobalSection
EndGlobal
